
Microsoft Visual Studio Solution File, Format Version 12.00
# Visual Studio Version 17
VisualStudioVersion = 17.8.34511.84
MinimumVisualStudioVersion = 10.0.40219.1
Project("{FAE04EC0-301F-11D3-BF4B-00C04F79EFBC}") = "IronSoftwareChallenge", "IronSoftwareChallenge.csproj", "{606817E3-BEDD-4AC5-ABF7-B68832338105}"
EndProject
Global
	GlobalSection(SolutionConfigurationPlatforms) = preSolution
		Debug|Any CPU = Debug|Any CPU
		Release|Any CPU = Release|Any CPU
	EndGlobalSection
	GlobalSection(ProjectConfigurationPlatforms) = postSolution
		{606817E3-BEDD-4AC5-ABF7-B68832338105}.Debug|Any CPU.ActiveCfg = Debug|Any CPU
		{606817E3-BEDD-4AC5-ABF7-B68832338105}.Debug|Any CPU.Build.0 = Debug|Any CPU
		{606817E3-BEDD-4AC5-ABF7-B68832338105}.Release|Any CPU.ActiveCfg = Release|Any CPU
		{606817E3-BEDD-4AC5-ABF7-B68832338105}.Release|Any CPU.Build.0 = Release|Any CPU
	EndGlobalSection
	GlobalSection(SolutionProperties) = preSolution
		HideSolutionNode = FALSE
	EndGlobalSection
	GlobalSection(ExtensibilityGlobals) = postSolution
		SolutionGuid = {0BE02A3C-768A-48D0-BF23-7FDC7F05A71B}
	EndGlobalSection
EndGlobal
